
Microsoft Visual Studio Solution File, Format Version 12.00
# Visual Studio Version 16
VisualStudioVersion = 16.0.31613.86
MinimumVisualStudioVersion = 10.0.40219.1
Project("{9A19103F-16F7-4668-BE54-9A1E7A4F7556}") = "TaxCalc.Client", "TaxCalc.Client\TaxCalc.Client.csproj", "{982170A9-83FD-4EED-AF3A-5A3B7E2C1162}"
EndProject
Project("{9A19103F-16F7-4668-BE54-9A1E7A4F7556}") = "TaxCalc.Api", "TaxCalc.Api\TaxCalc.Api.csproj", "{2D5C0DF3-383B-49B7-9B07-5C5C2760D81E}"
EndProject
Project("{9A19103F-16F7-4668-BE54-9A1E7A4F7556}") = "TaxCalc.Domain", "TaxCalc.Domain\TaxCalc.Domain.csproj", "{CD1C198C-B577-4BDA-B055-63AF1598CCCA}"
EndProject
Project("{9A19103F-16F7-4668-BE54-9A1E7A4F7556}") = "TaxCalc.Business", "TaxCalc.Business\TaxCalc.Business.csproj", "{43BAEC6E-0630-45A1-B19D-4CC4D63C6F34}"
EndProject
Project("{9A19103F-16F7-4668-BE54-9A1E7A4F7556}") = "TaxCalc.Business.Tests", "TaxCalc.Business.Tests\TaxCalc.Business.Tests.csproj", "{B3399424-4650-4543-8062-963CC4A04269}"
EndProject
Project("{2150E333-8FDC-42A3-9474-1A3956D46DE8}") = "Solution Items", "Solution Items", "{E9B97ADD-5C3A-431A-8797-3CA422B68A55}"
	ProjectSection(SolutionItems) = preProject
		Dockerfile = Dockerfile
		..\README.md = ..\README.md
	EndProjectSection
EndProject
Global
	GlobalSection(SolutionConfigurationPlatforms) = preSolution
		Debug|Any CPU = Debug|Any CPU
		Release|Any CPU = Release|Any CPU
	EndGlobalSection
	GlobalSection(ProjectConfigurationPlatforms) = postSolution
		{982170A9-83FD-4EED-AF3A-5A3B7E2C1162}.Debug|Any CPU.ActiveCfg = Debug|Any CPU
		{982170A9-83FD-4EED-AF3A-5A3B7E2C1162}.Debug|Any CPU.Build.0 = Debug|Any CPU
		{982170A9-83FD-4EED-AF3A-5A3B7E2C1162}.Release|Any CPU.ActiveCfg = Release|Any CPU
		{982170A9-83FD-4EED-AF3A-5A3B7E2C1162}.Release|Any CPU.Build.0 = Release|Any CPU
		{2D5C0DF3-383B-49B7-9B07-5C5C2760D81E}.Debug|Any CPU.ActiveCfg = Debug|Any CPU
		{2D5C0DF3-383B-49B7-9B07-5C5C2760D81E}.Debug|Any CPU.Build.0 = Debug|Any CPU
		{2D5C0DF3-383B-49B7-9B07-5C5C2760D81E}.Release|Any CPU.ActiveCfg = Release|Any CPU
		{2D5C0DF3-383B-49B7-9B07-5C5C2760D81E}.Release|Any CPU.Build.0 = Release|Any CPU
		{CD1C198C-B577-4BDA-B055-63AF1598CCCA}.Debug|Any CPU.ActiveCfg = Debug|Any CPU
		{CD1C198C-B577-4BDA-B055-63AF1598CCCA}.Debug|Any CPU.Build.0 = Debug|Any CPU
		{CD1C198C-B577-4BDA-B055-63AF1598CCCA}.Release|Any CPU.ActiveCfg = Release|Any CPU
		{CD1C198C-B577-4BDA-B055-63AF1598CCCA}.Release|Any CPU.Build.0 = Release|Any CPU
		{43BAEC6E-0630-45A1-B19D-4CC4D63C6F34}.Debug|Any CPU.ActiveCfg = Debug|Any CPU
		{43BAEC6E-0630-45A1-B19D-4CC4D63C6F34}.Debug|Any CPU.Build.0 = Debug|Any CPU
		{43BAEC6E-0630-45A1-B19D-4CC4D63C6F34}.Release|Any CPU.ActiveCfg = Release|Any CPU
		{43BAEC6E-0630-45A1-B19D-4CC4D63C6F34}.Release|Any CPU.Build.0 = Release|Any CPU
		{B3399424-4650-4543-8062-963CC4A04269}.Debug|Any CPU.ActiveCfg = Debug|Any CPU
		{B3399424-4650-4543-8062-963CC4A04269}.Debug|Any CPU.Build.0 = Debug|Any CPU
		{B3399424-4650-4543-8062-963CC4A04269}.Release|Any CPU.ActiveCfg = Release|Any CPU
		{B3399424-4650-4543-8062-963CC4A04269}.Release|Any CPU.Build.0 = Release|Any CPU
	EndGlobalSection
	GlobalSection(SolutionProperties) = preSolution
		HideSolutionNode = FALSE
	EndGlobalSection
	GlobalSection(ExtensibilityGlobals) = postSolution
		SolutionGuid = {ECFCC6DB-7259-4CB9-9BD3-F7D59C29B61A}
	EndGlobalSection
EndGlobal
